[root]
name = "2dgl"
version = "0.0.2"
dependencies = [
 "gl 0.0.1 (git+https://github.com/bjz/gl-rs)",
]

[[package]]
name = "gl"
version = "0.0.1"
source = "git+https://github.com/bjz/gl-rs#678346eb5f8ba95f50a8d0f7ff9d87a7338953dc"
dependencies = [
 "gl_generator 0.0.1 (git+https://github.com/bjz/gl-rs)",
]

[[package]]
name = "gl_common"
version = "0.0.1"
source = "git+https://github.com/bjz/gl-rs#678346eb5f8ba95f50a8d0f7ff9d87a7338953dc"

[[package]]
name = "gl_generator"
version = "0.0.1"
source = "git+https://github.com/bjz/gl-rs#678346eb5f8ba95f50a8d0f7ff9d87a7338953dc"
dependencies = [
 "gl_common 0.0.1 (git+https://github.com/bjz/gl-rs)",
 "khronos_api 0.0.1 (git+https://github.com/bjz/gl-rs)",
 "rust-xml 0.1.0 (git+https://github.com/netvl/rust-xml)",
]

[[package]]
name = "khronos_api"
version = "0.0.1"
source = "git+https://github.com/bjz/gl-rs#678346eb5f8ba95f50a8d0f7ff9d87a7338953dc"

[[package]]
name = "rust-xml"
version = "0.1.0"
source = "git+https://github.com/netvl/rust-xml#a4109a2b99e602a26f157f052f4d2677f9b4aa8e"

