[root]
name = "2dgl"
version = "0.0.2"
dependencies = [
 "gl 0.0.1 (git+https://github.com/bjz/gl-rs)",
 "num 0.0.4 (git+https://github.com/rust-lang/num)",
 "time 0.1.0 (git+https://github.com/rust-lang/time)",
]

[[package]]
name = "gcc"
version = "0.1.0"
source = "git+https://github.com/alexcrichton/gcc-rs#96c9e44ce3dfccc47c16fcfd743a33b3b4205daf"

[[package]]
name = "gl"
version = "0.0.1"
source = "git+https://github.com/bjz/gl-rs#41fa9cb11188583874588180166337d8b1fc1b97"
dependencies = [
 "gl_generator 0.0.1 (git+https://github.com/bjz/gl-rs)",
]

[[package]]
name = "gl_common"
version = "0.0.1"
source = "git+https://github.com/bjz/gl-rs#41fa9cb11188583874588180166337d8b1fc1b97"

[[package]]
name = "gl_generator"
version = "0.0.1"
source = "git+https://github.com/bjz/gl-rs#41fa9cb11188583874588180166337d8b1fc1b97"
dependencies = [
 "gl_common 0.0.1 (git+https://github.com/bjz/gl-rs)",
 "khronos_api 0.0.2 (git+https://github.com/bjz/gl-rs)",
 "rust-xml 0.1.2-pre (git+https://github.com/netvl/rust-xml)",
]

[[package]]
name = "khronos_api"
version = "0.0.2"
source = "git+https://github.com/bjz/gl-rs#41fa9cb11188583874588180166337d8b1fc1b97"

[[package]]
name = "num"
version = "0.0.4"
source = "git+https://github.com/rust-lang/num#bc9f83e7d800a69309bac8ee991e091ad9af3e5c"

[[package]]
name = "rust-xml"
version = "0.1.2-pre"
source = "git+https://github.com/netvl/rust-xml#2d9df3267aeaa4d442e1e19a4dfed733cb1397ed"

[[package]]
name = "time"
version = "0.1.0"
source = "git+https://github.com/rust-lang/time#afab521f3b91658a3ba2d3e877b7e01699733bef"
dependencies = [
 "gcc 0.1.0 (git+https://github.com/alexcrichton/gcc-rs)",
]

